
Microsoft Visual Studio Solution File, Format Version 12.00
# Visual Studio Version 17
VisualStudioVersion = 17.5.33424.131
MinimumVisualStudioVersion = 10.0.40219.1
Project("{FAE04EC0-301F-11D3-BF4B-00C04F79EFBC}") = "SSODemoUsers.Webapp", "SSODemoUsers.Webapp\SSODemoUsers.Webapp.csproj", "{502B625E-A6DE-4943-85A0-77BB9DD8282C}"
EndProject
Global
	GlobalSection(SolutionConfigurationPlatforms) = preSolution
		Debug|Any CPU = Debug|Any CPU
		Release|Any CPU = Release|Any CPU
	EndGlobalSection
	GlobalSection(ProjectConfigurationPlatforms) = postSolution
		{502B625E-A6DE-4943-85A0-77BB9DD8282C}.Debug|Any CPU.ActiveCfg = Debug|Any CPU
		{502B625E-A6DE-4943-85A0-77BB9DD8282C}.Debug|Any CPU.Build.0 = Debug|Any CPU
		{502B625E-A6DE-4943-85A0-77BB9DD8282C}.Release|Any CPU.ActiveCfg = Release|Any CPU
		{502B625E-A6DE-4943-85A0-77BB9DD8282C}.Release|Any CPU.Build.0 = Release|Any CPU
	EndGlobalSection
	GlobalSection(SolutionProperties) = preSolution
		HideSolutionNode = FALSE
	EndGlobalSection
	GlobalSection(ExtensibilityGlobals) = postSolution
		SolutionGuid = {505C5397-82C1-462E-9D0F-7320FC404CCB}
	EndGlobalSection
EndGlobal
